// !$*UTF8*$!
{
	archiveVersion = 1;
	classes = {
	};
	objectVersion = 56;
	objects = {

/* Begin PBXBuildFile section */
		FA085D972F66A2C20007C82A /* AlertToast in Frameworks */ = {isa = PBXBuildFile; productRef = FA085D962F66A2C20007C82A /* AlertToast */; };
		FA0A30C22F6C4AF0004C7371 /* CrashView.swift in Sources */ = {isa = PBXBuildFile; fileRef = FA0A30C12F6C4AF0004C7371 /* CrashView.swift */; };
		FA199C8D2F6D9BA3007C87E6 /* NotificationsViewObserver.swift in Sources */ = {isa = PBXBuildFile; fileRef = FA199C8C2F6D9BA3007C87E6 /* NotificationsViewObserver.swift */; };
		FA3FB8032F67F34C002EDB58 /* GoogleService-Info.plist in Resources */ = {isa = PBXBuildFile; fileRef = FA3FB8022F67F34B002EDB58 /* GoogleService-Info.plist */; };
		FA3FB8052F67FF7F002EDB58 /* ForgotPassView.swift in Sources */ = {isa = PBXBuildFile; fileRef = FA3FB8042F67FF7E002EDB58 /* ForgotPassView.swift */; };
		FA40E2712F685623009D042F /* ResourcesView.swift in Sources */ = {isa = PBXBuildFile; fileRef = FA40E2702F685623009D042F /* ResourcesView.swift */; };
		FA40E2742F685B4E009D042F /* ProfileViewObserver.swift in Sources */ = {isa = PBXBuildFile; fileRef = FA40E2732F685B4E009D042F /* ProfileViewObserver.swift */; };
		FA40E27D2F6861FC009D042F /* Kingfisher in Frameworks */ = {isa = PBXBuildFile; productRef = FA40E27C2F6861FC009D042F /* Kingfisher */; };
		FA4DED8B2F6F062900D580B0 /* EditClassView.swift in Sources */ = {isa = PBXBuildFile; fileRef = FA4DED8A2F6F062900D580B0 /* EditClassView.swift */; };
		FA4DED8D2F6F063B00D580B0 /* EditStudentView.swift in Sources */ = {isa = PBXBuildFile; fileRef = FA4DED8C2F6F063B00D580B0 /* EditStudentView.swift */; };
		FA4DED8F2F6F06E600D580B0 /* EditClassViewObserver.swift in Sources */ = {isa = PBXBuildFile; fileRef = FA4DED8E2F6F06E600D580B0 /* EditClassViewObserver.swift */; };
		FA517CCF2F6A9DCC00AC4427 /* CFNotification.swift in Sources */ = {isa = PBXBuildFile; fileRef = FA517CCE2F6A9DCC00AC4427 /* CFNotification.swift */; };
		FA517CD12F6AA03B00AC4427 /* CFNotificationAndUser.swift in Sources */ = {isa = PBXBuildFile; fileRef = FA517CD02F6AA03B00AC4427 /* CFNotificationAndUser.swift */; };
		FA52B9862F630A360086ED8B /* LogInViewObserver.swift in Sources */ = {isa = PBXBuildFile; fileRef = FA52B9852F630A360086ED8B /* LogInViewObserver.swift */; };
		FA5B37C42F670EF90042D22C /* UserDefaultsHelper.swift in Sources */ = {isa = PBXBuildFile; fileRef = FA5B37C32F670EF90042D22C /* UserDefaultsHelper.swift */; };
		FA5E7EC42F64574700F9AD8A /* FirebaseAnalytics in Frameworks */ = {isa = PBXBuildFile; productRef = FA5E7EC32F64574700F9AD8A /* FirebaseAnalytics */; };
		FA5E7EC62F64574700F9AD8A /* FirebaseAnalyticsOnDeviceConversion in Frameworks */ = {isa = PBXBuildFile; productRef = FA5E7EC52F64574700F9AD8A /* FirebaseAnalyticsOnDeviceConversion */; };
		FA5E7EC82F64574700F9AD8A /* FirebaseAnalyticsSwift in Frameworks */ = {isa = PBXBuildFile; productRef = FA5E7EC72F64574700F9AD8A /* FirebaseAnalyticsSwift */; };
		FA5E7ECA2F64574700F9AD8A /* FirebaseAnalyticsWithoutAdIdSupport in Frameworks */ = {isa = PBXBuildFile; productRef = FA5E7EC92F64574700F9AD8A /* FirebaseAnalyticsWithoutAdIdSupport */; };
		FA5E7ECC2F64574700F9AD8A /* FirebaseAppCheck in Frameworks */ = {isa = PBXBuildFile; productRef = FA5E7ECB2F64574700F9AD8A /* FirebaseAppCheck */; };
		FA5E7ECE2F64574700F9AD8A /* FirebaseAppDistribution-Beta in Frameworks */ = {isa = PBXBuildFile; productRef = FA5E7ECD2F64574700F9AD8A /* FirebaseAppDistribution-Beta */; };
		FA5E7ED02F64574700F9AD8A /* FirebaseAuth in Frameworks */ = {isa = PBXBuildFile; productRef = FA5E7ECF2F64574700F9AD8A /* FirebaseAuth */; };
		FA5E7ED22F64574700F9AD8A /* FirebaseAuthCombine-Community in Frameworks */ = {isa = PBXBuildFile; productRef = FA5E7ED12F64574700F9AD8A /* FirebaseAuthCombine-Community */; };
		FA5E7ED42F64574700F9AD8A /* FirebaseCrashlytics in Frameworks */ = {isa = PBXBuildFile; productRef = FA5E7ED32F64574700F9AD8A /* FirebaseCrashlytics */; };
		FA5E7ED62F64574700F9AD8A /* FirebaseDatabase in Frameworks */ = {isa = PBXBuildFile; productRef = FA5E7ED52F64574700F9AD8A /* FirebaseDatabase */; };
		FA5E7ED82F64574700F9AD8A /* FirebaseDatabaseSwift in Frameworks */ = {isa = PBXBuildFile; productRef = FA5E7ED72F64574700F9AD8A /* FirebaseDatabaseSwift */; };
		FA5E7EDA2F64574700F9AD8A /* FirebaseDynamicLinks in Frameworks */ = {isa = PBXBuildFile; productRef = FA5E7ED92F64574700F9AD8A /* FirebaseDynamicLinks */; };
		FA5E7EDC2F64574700F9AD8A /* FirebaseFirestore in Frameworks */ = {isa = PBXBuildFile; productRef = FA5E7EDB2F64574700F9AD8A /* FirebaseFirestore */; };
		FA5E7EDE2F64574700F9AD8A /* FirebaseFirestoreCombine-Community in Frameworks */ = {isa = PBXBuildFile; productRef = FA5E7EDD2F64574700F9AD8A /* FirebaseFirestoreCombine-Community */; };
		FA5E7EE02F64574700F9AD8A /* FirebaseFirestoreSwift in Frameworks */ = {isa = PBXBuildFile; productRef = FA5E7EDF2F64574700F9AD8A /* FirebaseFirestoreSwift */; };
		FA5E7EE22F64574700F9AD8A /* FirebaseFunctions in Frameworks */ = {isa = PBXBuildFile; productRef = FA5E7EE12F64574700F9AD8A /* FirebaseFunctions */; };
		FA5E7EE42F64574700F9AD8A /* FirebaseFunctionsCombine-Community in Frameworks */ = {isa = PBXBuildFile; productRef = FA5E7EE32F64574700F9AD8A /* FirebaseFunctionsCombine-Community */; };
		FA5E7EE62F64574700F9AD8A /* FirebaseInAppMessaging-Beta in Frameworks */ = {isa = PBXBuildFile; productRef = FA5E7EE52F64574700F9AD8A /* FirebaseInAppMessaging-Beta */; };
		FA5E7EE82F64574700F9AD8A /* FirebaseInAppMessagingSwift-Beta in Frameworks */ = {isa = PBXBuildFile; productRef = FA5E7EE72F64574700F9AD8A /* FirebaseInAppMessagingSwift-Beta */; };
		FA5E7EEA2F64574700F9AD8A /* FirebaseInstallations in Frameworks */ = {isa = PBXBuildFile; productRef = FA5E7EE92F64574700F9AD8A /* FirebaseInstallations */; };
		FA5E7EEC2F64574700F9AD8A /* FirebaseMLModelDownloader in Frameworks */ = {isa = PBXBuildFile; productRef = FA5E7EEB2F64574700F9AD8A /* FirebaseMLModelDownloader */; };
		FA5E7EEE2F64574700F9AD8A /* FirebaseMessaging in Frameworks */ = {isa = PBXBuildFile; productRef = FA5E7EED2F64574700F9AD8A /* FirebaseMessaging */; };
		FA5E7EF02F64574700F9AD8A /* FirebasePerformance in Frameworks */ = {isa = PBXBuildFile; productRef = FA5E7EEF2F64574700F9AD8A /* FirebasePerformance */; };
		FA5E7EF22F64574700F9AD8A /* FirebaseRemoteConfig in Frameworks */ = {isa = PBXBuildFile; productRef = FA5E7EF12F64574700F9AD8A /* FirebaseRemoteConfig */; };
		FA5E7EF42F64574700F9AD8A /* FirebaseRemoteConfigSwift in Frameworks */ = {isa = PBXBuildFile; productRef = FA5E7EF32F64574700F9AD8A /* FirebaseRemoteConfigSwift */; };
		FA5E7EF62F64574700F9AD8A /* FirebaseStorage in Frameworks */ = {isa = PBXBuildFile; productRef = FA5E7EF52F64574700F9AD8A /* FirebaseStorage */; };
		FA5E7EF82F64574800F9AD8A /* FirebaseStorageCombine-Community in Frameworks */ = {isa = PBXBuildFile; productRef = FA5E7EF72F64574800F9AD8A /* FirebaseStorageCombine-Community */; };
		FA5E7EFD2F645E1400F9AD8A /* GoogleSignIn in Frameworks */ = {isa = PBXBuildFile; productRef = FA5E7EFC2F645E1400F9AD8A /* GoogleSignIn */; };
		FA5E7EFF2F645E1400F9AD8A /* GoogleSignInSwift in Frameworks */ = {isa = PBXBuildFile; productRef = FA5E7EFE2F645E1400F9AD8A /* GoogleSignInSwift */; };
		FA5E7F022F64607700F9AD8A /* Common.swift in Sources */ = {isa = PBXBuildFile; fileRef = FA5E7F012F64607700F9AD8A /* Common.swift */; };
		FA6BC36D2F641B4C009FC359 /* MainTabView.swift in Sources */ = {isa = PBXBuildFile; fileRef = FA6BC36C2F641B4C009FC359 /* MainTabView.swift */; };
		FA6BC36F2F641DC5009FC359 /* Launch Screen.storyboard in Resources */ = {isa = PBXBuildFile; fileRef = FA6BC36E2F641DC5009FC359 /* Launch Screen.storyboard */; };
		FA6F5E552F62C37E001CB2AB /* ClassfaceApp.swift in Sources */ = {isa = PBXBuildFile; fileRef = FA6F5E542F62C37E001CB2AB /* ClassfaceApp.swift */; };
		FA6F5E592F62C381001CB2AB /* Assets.xcassets in Resources */ = {isa = PBXBuildFile; fileRef = FA6F5E582F62C381001CB2AB /* Assets.xcassets */; };
		FA6F5E5C2F62C381001CB2AB /* Preview Assets.xcassets in Resources */ = {isa = PBXBuildFile; fileRef = FA6F5E5B2F62C381001CB2AB /* Preview Assets.xcassets */; };
		FA6F5E632F62C4EC001CB2AB /* Storyboard.storyboard in Resources */ = {isa = PBXBuildFile; fileRef = FA6F5E622F62C4EC001CB2AB /* Storyboard.storyboard */; };
		FA7466072F650FAB00B66ED5 /* CFUser.swift in Sources */ = {isa = PBXBuildFile; fileRef = FA7466062F650FAB00B66ED5 /* CFUser.swift */; };
		FA7466092F650FC600B66ED5 /* CFBase.swift in Sources */ = {isa = PBXBuildFile; fileRef = FA7466082F650FC600B66ED5 /* CFBase.swift */; };
		FA7570E62F6EF84B00998314 /* MainTabViewObserver.swift in Sources */ = {isa = PBXBuildFile; fileRef = FA7570E52F6EF84B00998314 /* MainTabViewObserver.swift */; };
		FA7570E82F6EFF0600998314 /* HomeViewObserver.swift in Sources */ = {isa = PBXBuildFile; fileRef = FA7570E72F6EFF0600998314 /* HomeViewObserver.swift */; };
		FA7AC80D2F6A4E3B00A23F9E /* HUD in Frameworks */ = {isa = PBXBuildFile; productRef = FA7AC80C2F6A4E3B00A23F9E /* HUD */; };
		FA7DDB242F62CB9F0071357E /* LogInView.swift in Sources */ = {isa = PBXBuildFile; fileRef = FA7DDB232F62CB9F0071357E /* LogInView.swift */; };
		FA7DDB272F62D1AC0071357E /* ResourcesStore.swift in Sources */ = {isa = PBXBuildFile; fileRef = FA7DDB262F62D1AC0071357E /* ResourcesStore.swift */; };
		FA88E3E22F63A9CF000B51F1 /* SignUpView.swift in Sources */ = {isa = PBXBuildFile; fileRef = FA88E3E12F63A9CF000B51F1 /* SignUpView.swift */; };
		FA88E3E42F63AC08000B51F1 /* SignUpViewObserver.swift in Sources */ = {isa = PBXBuildFile; fileRef = FA88E3E32F63AC08000B51F1 /* SignUpViewObserver.swift */; };
		FA88E3E62F63B5F8000B51F1 /* MainEntryView.swift in Sources */ = {isa = PBXBuildFile; fileRef = FA88E3E52F63B5F8000B51F1 /* MainEntryView.swift */; };
		FA88E3E82F63B9AE000B51F1 /* TOSView.swift in Sources */ = {isa = PBXBuildFile; fileRef = FA88E3E72F63B9AE000B51F1 /* TOSView.swift */; };
		FAB23C642F6665CC00FC1402 /* HomeView.swift in Sources */ = {isa = PBXBuildFile; fileRef = FAB23C632F6665CC00FC1402 /* HomeView.swift */; };
		FAB23C662F66662A00FC1402 /* NotificationsView.swift in Sources */ = {isa = PBXBuildFile; fileRef = FAB23C652F66662A00FC1402 /* NotificationsView.swift */; };
		FAB23C682F66663900FC1402 /* SettingsView.swift in Sources */ = {isa = PBXBuildFile; fileRef = FAB23C672F66663900FC1402 /* SettingsView.swift */; };
		FAB23C6A2F66665700FC1402 /* ProfileView.swift in Sources */ = {isa = PBXBuildFile; fileRef = FAB23C692F66665700FC1402 /* ProfileView.swift */; };
		FAB9D70F2F6FF30800C2D1EB /* EditStudentViewObserver.swift in Sources */ = {isa = PBXBuildFile; fileRef = FAB9D70E2F6FF30800C2D1EB /* EditStudentViewObserver.swift */; };
		FAB9D7112F6FF51700C2D1EB /* StudentsView.swift in Sources */ = {isa = PBXBuildFile; fileRef = FAB9D7102F6FF51700C2D1EB /* StudentsView.swift */; };
		FAB9D7142F6FF6F300C2D1EB /* StudentsViewObserver.swift in Sources */ = {isa = PBXBuildFile; fileRef = FAB9D7132F6FF6F300C2D1EB /* StudentsViewObserver.swift */; };
		FACAAB732F6556A600DEFC59 /* CFClass.swift in Sources */ = {isa = PBXBuildFile; fileRef = FACAAB722F6556A600DEFC59 /* CFClass.swift */; };
		FACAAB752F6556B000DEFC59 /* CFStudent.swift in Sources */ = {isa = PBXBuildFile; fileRef = FACAAB742F6556B000DEFC59 /* CFStudent.swift */; };
		FACAAB772F655AD500DEFC59 /* CFClassAndStudent.swift in Sources */ = {isa = PBXBuildFile; fileRef = FACAAB762F655AD500DEFC59 /* CFClassAndStudent.swift */; };
/* End PBXBuildFile section */

/* Begin PBXFileReference section */
		FA0A30C12F6C4AF0004C7371 /* CrashView.swift */ = {isa = PBXFileReference; lastKnownFileType = sourcecode.swift; path = CrashView.swift; sourceTree = "<group>"; };
		FA199C8C2F6D9BA3007C87E6 /* NotificationsViewObserver.swift */ = {isa = PBXFileReference; lastKnownFileType = sourcecode.swift; path = NotificationsViewObserver.swift; sourceTree = "<group>"; };
		FA3FB8022F67F34B002EDB58 /* GoogleService-Info.plist */ = {isa = PBXFileReference; fileEncoding = 4; lastKnownFileType = text.plist.xml; path = "GoogleService-Info.plist"; sourceTree = "<group>"; };
		FA3FB8042F67FF7E002EDB58 /* ForgotPassView.swift */ = {isa = PBXFileReference; lastKnownFileType = sourcecode.swift; path = ForgotPassView.swift; sourceTree = "<group>"; };
		FA3FB8062F680BD0002EDB58 /* Classface.entitlements */ = {isa = PBXFileReference; lastKnownFileType = text.plist.entitlements; path = Classface.entitlements; sourceTree = "<group>"; };
		FA40E2702F685623009D042F /* ResourcesView.swift */ = {isa = PBXFileReference; lastKnownFileType = sourcecode.swift; path = ResourcesView.swift; sourceTree = "<group>"; };
		FA40E2732F685B4E009D042F /* ProfileViewObserver.swift */ = {isa = PBXFileReference; lastKnownFileType = sourcecode.swift; path = ProfileViewObserver.swift; sourceTree = "<group>"; };
		FA4DED8A2F6F062900D580B0 /* EditClassView.swift */ = {isa = PBXFileReference; lastKnownFileType = sourcecode.swift; path = EditClassView.swift; sourceTree = "<group>"; };
		FA4DED8C2F6F063B00D580B0 /* EditStudentView.swift */ = {isa = PBXFileReference; lastKnownFileType = sourcecode.swift; path = EditStudentView.swift; sourceTree = "<group>"; };
		FA4DED8E2F6F06E600D580B0 /* EditClassViewObserver.swift */ = {isa = PBXFileReference; lastKnownFileType = sourcecode.swift; path = EditClassViewObserver.swift; sourceTree = "<group>"; };
		FA517CCE2F6A9DCC00AC4427 /* CFNotification.swift */ = {isa = PBXFileReference; lastKnownFileType = sourcecode.swift; path = CFNotification.swift; sourceTree = "<group>"; };
		FA517CD02F6AA03B00AC4427 /* CFNotificationAndUser.swift */ = {isa = PBXFileReference; lastKnownFileType = sourcecode.swift; path = CFNotificationAndUser.swift; sourceTree = "<group>"; };
		FA52B9852F630A360086ED8B /* LogInViewObserver.swift */ = {isa = PBXFileReference; lastKnownFileType = sourcecode.swift; path = LogInViewObserver.swift; sourceTree = "<group>"; };
		FA5B37C32F670EF90042D22C /* UserDefaultsHelper.swift */ = {isa = PBXFileReference; lastKnownFileType = sourcecode.swift; path = UserDefaultsHelper.swift; sourceTree = "<group>"; };
		FA5E7F002F645E5B00F9AD8A /* Info.plist */ = {isa = PBXFileReference; lastKnownFileType = text.plist; path = Info.plist; sourceTree = "<group>"; };
		FA5E7F012F64607700F9AD8A /* Common.swift */ = {isa = PBXFileReference; lastKnownFileType = sourcecode.swift; path = Common.swift; sourceTree = "<group>"; };
		FA6BC36C2F641B4C009FC359 /* MainTabView.swift */ = {isa = PBXFileReference; lastKnownFileType = sourcecode.swift; path = MainTabView.swift; sourceTree = "<group>"; };
		FA6BC36E2F641DC5009FC359 /* Launch Screen.storyboard */ = {isa = PBXFileReference; lastKnownFileType = file.storyboard; path = "Launch Screen.storyboard"; sourceTree = "<group>"; };
		FA6F5E512F62C37E001CB2AB /* Classface.app */ = {isa = PBXFileReference; explicitFileType = wrapper.application; includeInIndex = 0; path = Classface.app; sourceTree = BUILT_PRODUCTS_DIR; };
		FA6F5E542F62C37E001CB2AB /* ClassfaceApp.swift */ = {isa = PBXFileReference; lastKnownFileType = sourcecode.swift; path = ClassfaceApp.swift; sourceTree = "<group>"; };
		FA6F5E582F62C381001CB2AB /* Assets.xcassets */ = {isa = PBXFileReference; lastKnownFileType = folder.assetcatalog; path = Assets.xcassets; sourceTree = "<group>"; };
		FA6F5E5B2F62C381001CB2AB /* Preview Assets.xcassets */ = {isa = PBXFileReference; lastKnownFileType = folder.assetcatalog; path = "Preview Assets.xcassets"; sourceTree = "<group>"; };
		FA6F5E622F62C4EC001CB2AB /* Storyboard.storyboard */ = {isa = PBXFileReference; lastKnownFileType = file.storyboard; path = Storyboard.storyboard; sourceTree = "<group>"; };
		FA7466062F650FAB00B66ED5 /* CFUser.swift */ = {isa = PBXFileReference; lastKnownFileType = sourcecode.swift; path = CFUser.swift; sourceTree = "<group>"; };
		FA7466082F650FC600B66ED5 /* CFBase.swift */ = {isa = PBXFileReference; lastKnownFileType = sourcecode.swift; path = CFBase.swift; sourceTree = "<group>"; };
		FA7570E52F6EF84B00998314 /* MainTabViewObserver.swift */ = {isa = PBXFileReference; lastKnownFileType = sourcecode.swift; path = MainTabViewObserver.swift; sourceTree = "<group>"; };
		FA7570E72F6EFF0600998314 /* HomeViewObserver.swift */ = {isa = PBXFileReference; lastKnownFileType = sourcecode.swift; path = HomeViewObserver.swift; sourceTree = "<group>"; };
		FA7DDB232F62CB9F0071357E /* LogInView.swift */ = {isa = PBXFileReference; lastKnownFileType = sourcecode.swift; path = LogInView.swift; sourceTree = "<group>"; };
		FA7DDB262F62D1AC0071357E /* ResourcesStore.swift */ = {isa = PBXFileReference; lastKnownFileType = sourcecode.swift; path = ResourcesStore.swift; sourceTree = "<group>"; };
		FA88E3E12F63A9CF000B51F1 /* SignUpView.swift */ = {isa = PBXFileReference; lastKnownFileType = sourcecode.swift; path = SignUpView.swift; sourceTree = "<group>"; };
		FA88E3E32F63AC08000B51F1 /* SignUpViewObserver.swift */ = {isa = PBXFileReference; lastKnownFileType = sourcecode.swift; path = SignUpViewObserver.swift; sourceTree = "<group>"; };
		FA88E3E52F63B5F8000B51F1 /* MainEntryView.swift */ = {isa = PBXFileReference; lastKnownFileType = sourcecode.swift; path = MainEntryView.swift; sourceTree = "<group>"; };
		FA88E3E72F63B9AE000B51F1 /* TOSView.swift */ = {isa = PBXFileReference; lastKnownFileType = sourcecode.swift; path = TOSView.swift; sourceTree = "<group>"; };
		FAB23C632F6665CC00FC1402 /* HomeView.swift */ = {isa = PBXFileReference; lastKnownFileType = sourcecode.swift; path = HomeView.swift; sourceTree = "<group>"; };
		FAB23C652F66662A00FC1402 /* NotificationsView.swift */ = {isa = PBXFileReference; lastKnownFileType = sourcecode.swift; path = NotificationsView.swift; sourceTree = "<group>"; };
		FAB23C672F66663900FC1402 /* SettingsView.swift */ = {isa = PBXFileReference; lastKnownFileType = sourcecode.swift; path = SettingsView.swift; sourceTree = "<group>"; };
		FAB23C692F66665700FC1402 /* ProfileView.swift */ = {isa = PBXFileReference; lastKnownFileType = sourcecode.swift; path = ProfileView.swift; sourceTree = "<group>"; };
		FAB9D70E2F6FF30800C2D1EB /* EditStudentViewObserver.swift */ = {isa = PBXFileReference; lastKnownFileType = sourcecode.swift; path = EditStudentViewObserver.swift; sourceTree = "<group>"; };
		FAB9D7102F6FF51700C2D1EB /* StudentsView.swift */ = {isa = PBXFileReference; lastKnownFileType = sourcecode.swift; path = StudentsView.swift; sourceTree = "<group>"; };
		FAB9D7132F6FF6F300C2D1EB /* StudentsViewObserver.swift */ = {isa = PBXFileReference; lastKnownFileType = sourcecode.swift; path = StudentsViewObserver.swift; sourceTree = "<group>"; };
		FACAAB722F6556A600DEFC59 /* CFClass.swift */ = {isa = PBXFileReference; lastKnownFileType = sourcecode.swift; path = CFClass.swift; sourceTree = "<group>"; };
		FACAAB742F6556B000DEFC59 /* CFStudent.swift */ = {isa = PBXFileReference; lastKnownFileType = sourcecode.swift; path = CFStudent.swift; sourceTree = "<group>"; };
		FACAAB762F655AD500DEFC59 /* CFClassAndStudent.swift */ = {isa = PBXFileReference; lastKnownFileType = sourcecode.swift; path = CFClassAndStudent.swift; sourceTree = "<group>"; };
/* End PBXFileReference section */

/* Begin PBXFrameworksBuildPhase section */
		FA6F5E4E2F62C37E001CB2AB /* Frameworks */ = {
			isa = PBXFrameworksBuildPhase;
			buildActionMask = 2147483647;
			files = (
				FA5E7ED62F64574700F9AD8A /* FirebaseDatabase in Frameworks */,
				FA5E7EE42F64574700F9AD8A /* FirebaseFunctionsCombine-Community in Frameworks */,
				FA5E7EDC2F64574700F9AD8A /* FirebaseFirestore in Frameworks */,
				FA085D972F66A2C20007C82A /* AlertToast in Frameworks */,
				FA7AC80D2F6A4E3B00A23F9E /* HUD in Frameworks */,
				FA5E7EC82F64574700F9AD8A /* FirebaseAnalyticsSwift in Frameworks */,
				FA5E7EC42F64574700F9AD8A /* FirebaseAnalytics in Frameworks */,
				FA5E7EC62F64574700F9AD8A /* FirebaseAnalyticsOnDeviceConversion in Frameworks */,
				FA5E7EEC2F64574700F9AD8A /* FirebaseMLModelDownloader in Frameworks */,
				FA5E7EFF2F645E1400F9AD8A /* GoogleSignInSwift in Frameworks */,
				FA5E7EE02F64574700F9AD8A /* FirebaseFirestoreSwift in Frameworks */,
				FA5E7ECC2F64574700F9AD8A /* FirebaseAppCheck in Frameworks */,
				FA5E7ECA2F64574700F9AD8A /* FirebaseAnalyticsWithoutAdIdSupport in Frameworks */,
				FA5E7ED02F64574700F9AD8A /* FirebaseAuth in Frameworks */,
				FA5E7ED42F64574700F9AD8A /* FirebaseCrashlytics in Frameworks */,
				FA5E7EF42F64574700F9AD8A /* FirebaseRemoteConfigSwift in Frameworks */,
				FA5E7EFD2F645E1400F9AD8A /* GoogleSignIn in Frameworks */,
				FA5E7EE62F64574700F9AD8A /* FirebaseInAppMessaging-Beta in Frameworks */,
				FA5E7ED82F64574700F9AD8A /* FirebaseDatabaseSwift in Frameworks */,
				FA5E7EE22F64574700F9AD8A /* FirebaseFunctions in Frameworks */,
				FA5E7EF82F64574800F9AD8A /* FirebaseStorageCombine-Community in Frameworks */,
				FA5E7EF22F64574700F9AD8A /* FirebaseRemoteConfig in Frameworks */,
				FA5E7ECE2F64574700F9AD8A /* FirebaseAppDistribution-Beta in Frameworks */,
				FA5E7ED22F64574700F9AD8A /* FirebaseAuthCombine-Community in Frameworks */,
				FA5E7EF02F64574700F9AD8A /* FirebasePerformance in Frameworks */,
				FA40E27D2F6861FC009D042F /* Kingfisher in Frameworks */,
				FA5E7EE82F64574700F9AD8A /* FirebaseInAppMessagingSwift-Beta in Frameworks */,
				FA5E7EF62F64574700F9AD8A /* FirebaseStorage in Frameworks */,
				FA5E7EDA2F64574700F9AD8A /* FirebaseDynamicLinks in Frameworks */,
				FA5E7EDE2F64574700F9AD8A /* FirebaseFirestoreCombine-Community in Frameworks */,
				FA5E7EEE2F64574700F9AD8A /* FirebaseMessaging in Frameworks */,
				FA5E7EEA2F64574700F9AD8A /* FirebaseInstallations in Frameworks */,
			);
			runOnlyForDeploymentPostprocessing = 0;
		};
/* End PBXFrameworksBuildPhase section */

/* Begin PBXGroup section */
		FA40E2722F685646009D042F /* SettingsView */ = {
			isa = PBXGroup;
			children = (
				FAB23C672F66663900FC1402 /* SettingsView.swift */,
				FA40E2702F685623009D042F /* ResourcesView.swift */,
			);
			path = SettingsView;
			sourceTree = "<group>";
		};
		FA4DED892F6F05E600D580B0 /* HomeView */ = {
			isa = PBXGroup;
			children = (
				FAB23C632F6665CC00FC1402 /* HomeView.swift */,
				FA4DED8A2F6F062900D580B0 /* EditClassView.swift */,
			);
			path = HomeView;
			sourceTree = "<group>";
		};
		FA6BC36B2F641ABF009FC359 /* ViewObservers */ = {
			isa = PBXGroup;
			children = (
				FA52B9852F630A360086ED8B /* LogInViewObserver.swift */,
				FA88E3E32F63AC08000B51F1 /* SignUpViewObserver.swift */,
				FA40E2732F685B4E009D042F /* ProfileViewObserver.swift */,
				FA199C8C2F6D9BA3007C87E6 /* NotificationsViewObserver.swift */,
				FA7570E52F6EF84B00998314 /* MainTabViewObserver.swift */,
				FA7570E72F6EFF0600998314 /* HomeViewObserver.swift */,
				FA4DED8E2F6F06E600D580B0 /* EditClassViewObserver.swift */,
				FAB9D70E2F6FF30800C2D1EB /* EditStudentViewObserver.swift */,
				FAB9D7132F6FF6F300C2D1EB /* StudentsViewObserver.swift */,
			);
			path = ViewObservers;
			sourceTree = "<group>";
		};
		FA6F5E482F62C37E001CB2AB = {
			isa = PBXGroup;
			children = (
				FA6F5E532F62C37E001CB2AB /* Classface */,
				FA6F5E522F62C37E001CB2AB /* Products */,
			);
			sourceTree = "<group>";
		};
		FA6F5E522F62C37E001CB2AB /* Products */ = {
			isa = PBXGroup;
			children = (
				FA6F5E512F62C37E001CB2AB /* Classface.app */,
			);
			name = Products;
			sourceTree = "<group>";
		};
		FA6F5E532F62C37E001CB2AB /* Classface */ = {
			isa = PBXGroup;
			children = (
				FA3FB8062F680BD0002EDB58 /* Classface.entitlements */,
				FA3FB8022F67F34B002EDB58 /* GoogleService-Info.plist */,
				FA5E7F002F645E5B00F9AD8A /* Info.plist */,
				FA6F5E542F62C37E001CB2AB /* ClassfaceApp.swift */,
				FA6BC36E2F641DC5009FC359 /* Launch Screen.storyboard */,
				FACAAB712F654AF600DEFC59 /* Models */,
				FA7466052F650F9500B66ED5 /* Protocols */,
				FA7DDB252F62D16E0071357E /* Utils */,
				FA6F5E642F62C816001CB2AB /* Views */,
				FA6F5E622F62C4EC001CB2AB /* Storyboard.storyboard */,
				FA6F5E582F62C381001CB2AB /* Assets.xcassets */,
				FA6F5E5A2F62C381001CB2AB /* Preview Content */,
			);
			path = Classface;
			sourceTree = "<group>";
		};
		FA6F5E5A2F62C381001CB2AB /* Preview Content */ = {
			isa = PBXGroup;
			children = (
				FA6F5E5B2F62C381001CB2AB /* Preview Assets.xcassets */,
			);
			path = "Preview Content";
			sourceTree = "<group>";
		};
		FA6F5E642F62C816001CB2AB /* Views */ = {
			isa = PBXGroup;
			children = (
				FAB23C612F66655100FC1402 /* Auth */,
				FAB9D7122F6FF5BB00C2D1EB /* Others */,
				FAB9D7152F6FF73000C2D1EB /* TabViews */,
			);
			path = Views;
			sourceTree = "<group>";
		};
		FA7466052F650F9500B66ED5 /* Protocols */ = {
			isa = PBXGroup;
			children = (
				FA7466082F650FC600B66ED5 /* CFBase.swift */,
			);
			path = Protocols;
			sourceTree = "<group>";
		};
		FA7DDB252F62D16E0071357E /* Utils */ = {
			isa = PBXGroup;
			children = (
				FA5E7F012F64607700F9AD8A /* Common.swift */,
				FA5B37C32F670EF90042D22C /* UserDefaultsHelper.swift */,
				FA7DDB262F62D1AC0071357E /* ResourcesStore.swift */,
				FA6BC36B2F641ABF009FC359 /* ViewObservers */,
			);
			path = Utils;
			sourceTree = "<group>";
		};
		FAB23C612F66655100FC1402 /* Auth */ = {
			isa = PBXGroup;
			children = (
				FA88E3E52F63B5F8000B51F1 /* MainEntryView.swift */,
				FA7DDB232F62CB9F0071357E /* LogInView.swift */,
				FA88E3E12F63A9CF000B51F1 /* SignUpView.swift */,
				FA3FB8042F67FF7E002EDB58 /* ForgotPassView.swift */,
			);
			path = Auth;
			sourceTree = "<group>";
		};
		FAB9D7122F6FF5BB00C2D1EB /* Others */ = {
			isa = PBXGroup;
			children = (
				FA0A30C12F6C4AF0004C7371 /* CrashView.swift */,
				FA88E3E72F63B9AE000B51F1 /* TOSView.swift */,
			);
			path = Others;
			sourceTree = "<group>";
		};
		FAB9D7152F6FF73000C2D1EB /* TabViews */ = {
			isa = PBXGroup;
			children = (
				FA6BC36C2F641B4C009FC359 /* MainTabView.swift */,
				FA4DED892F6F05E600D580B0 /* HomeView */,
				FAB9D7162F6FF78300C2D1EB /* StudentsView */,
				FAB23C652F66662A00FC1402 /* NotificationsView.swift */,
				FA40E2722F685646009D042F /* SettingsView */,
				FAB23C692F66665700FC1402 /* ProfileView.swift */,
			);
			path = TabViews;
			sourceTree = "<group>";
		};
		FAB9D7162F6FF78300C2D1EB /* StudentsView */ = {
			isa = PBXGroup;
			children = (
				FAB9D7102F6FF51700C2D1EB /* StudentsView.swift */,
				FA4DED8C2F6F063B00D580B0 /* EditStudentView.swift */,
			);
			path = StudentsView;
			sourceTree = "<group>";
		};
		FACAAB712F654AF600DEFC59 /* Models */ = {
			isa = PBXGroup;
			children = (
				FA7466062F650FAB00B66ED5 /* CFUser.swift */,
				FA517CCE2F6A9DCC00AC4427 /* CFNotification.swift */,
				FA517CD02F6AA03B00AC4427 /* CFNotificationAndUser.swift */,
				FACAAB722F6556A600DEFC59 /* CFClass.swift */,
				FACAAB742F6556B000DEFC59 /* CFStudent.swift */,
				FACAAB762F655AD500DEFC59 /* CFClassAndStudent.swift */,
			);
			path = Models;
			sourceTree = "<group>";
		};
/* End PBXGroup section */

/* Begin PBXNativeTarget section */
		FA6F5E502F62C37E001CB2AB /* Classface */ = {
			isa = PBXNativeTarget;
			buildConfigurationList = FA6F5E5F2F62C381001CB2AB /* Build configuration list for PBXNativeTarget "Classface" */;
			buildPhases = (
				FA6F5E4D2F62C37E001CB2AB /* Sources */,
				FA6F5E4E2F62C37E001CB2AB /* Frameworks */,
				FA6F5E4F2F62C37E001CB2AB /* Resources */,
			);
			buildRules = (
			);
			dependencies = (
			);
			name = Classface;
			packageProductDependencies = (
				FA5E7EC32F64574700F9AD8A /* FirebaseAnalytics */,
				FA5E7EC52F64574700F9AD8A /* FirebaseAnalyticsOnDeviceConversion */,
				FA5E7EC72F64574700F9AD8A /* FirebaseAnalyticsSwift */,
				FA5E7EC92F64574700F9AD8A /* FirebaseAnalyticsWithoutAdIdSupport */,
				FA5E7ECB2F64574700F9AD8A /* FirebaseAppCheck */,
				FA5E7ECD2F64574700F9AD8A /* FirebaseAppDistribution-Beta */,
				FA5E7ECF2F64574700F9AD8A /* FirebaseAuth */,
				FA5E7ED12F64574700F9AD8A /* FirebaseAuthCombine-Community */,
				FA5E7ED32F64574700F9AD8A /* FirebaseCrashlytics */,
				FA5E7ED52F64574700F9AD8A /* FirebaseDatabase */,
				FA5E7ED72F64574700F9AD8A /* FirebaseDatabaseSwift */,
				FA5E7ED92F64574700F9AD8A /* FirebaseDynamicLinks */,
				FA5E7EDB2F64574700F9AD8A /* FirebaseFirestore */,
				FA5E7EDD2F64574700F9AD8A /* FirebaseFirestoreCombine-Community */,
				FA5E7EDF2F64574700F9AD8A /* FirebaseFirestoreSwift */,
				FA5E7EE12F64574700F9AD8A /* FirebaseFunctions */,
				FA5E7EE32F64574700F9AD8A /* FirebaseFunctionsCombine-Community */,
				FA5E7EE52F64574700F9AD8A /* FirebaseInAppMessaging-Beta */,
				FA5E7EE72F64574700F9AD8A /* FirebaseInAppMessagingSwift-Beta */,
				FA5E7EE92F64574700F9AD8A /* FirebaseInstallations */,
				FA5E7EEB2F64574700F9AD8A /* FirebaseMLModelDownloader */,
				FA5E7EED2F64574700F9AD8A /* FirebaseMessaging */,
				FA5E7EEF2F64574700F9AD8A /* FirebasePerformance */,
				FA5E7EF12F64574700F9AD8A /* FirebaseRemoteConfig */,
				FA5E7EF32F64574700F9AD8A /* FirebaseRemoteConfigSwift */,
				FA5E7EF52F64574700F9AD8A /* FirebaseStorage */,
				FA5E7EF72F64574800F9AD8A /* FirebaseStorageCombine-Community */,
				FA5E7EFC2F645E1400F9AD8A /* GoogleSignIn */,
				FA5E7EFE2F645E1400F9AD8A /* GoogleSignInSwift */,
				FA085D962F66A2C20007C82A /* AlertToast */,
				FA40E27C2F6861FC009D042F /* Kingfisher */,
				FA7AC80C2F6A4E3B00A23F9E /* HUD */,
			);
			productName = Classface;
			productReference = FA6F5E512F62C37E001CB2AB /* Classface.app */;
			productType = "com.apple.product-type.application";
		};
/* End PBXNativeTarget section */

/* Begin PBXProject section */
		FA6F5E492F62C37E001CB2AB /* Project object */ = {
			isa = PBXProject;
			attributes = {
				BuildIndependentTargetsInParallel = 1;
				LastSwiftUpdateCheck = 1400;
				LastUpgradeCheck = 1400;
				TargetAttributes = {
					FA6F5E502F62C37E001CB2AB = {
						CreatedOnToolsVersion = 14.0.1;
					};
				};
			};
			buildConfigurationList = FA6F5E4C2F62C37E001CB2AB /* Build configuration list for PBXProject "Classface" */;
			compatibilityVersion = "Xcode 14.0";
			developmentRegion = en;
			hasScannedForEncodings = 0;
			knownRegions = (
				en,
				Base,
			);
			mainGroup = FA6F5E482F62C37E001CB2AB;
			packageReferences = (
				FA5E7EC22F64574600F9AD8A /* XCRemoteSwiftPackageReference "firebase-ios-sdk" */,
				FA5E7EFB2F645E1400F9AD8A /* XCRemoteSwiftPackageReference "GoogleSignIn-iOS" */,
				FA085D952F66A2C20007C82A /* XCRemoteSwiftPackageReference "AlertToast" */,
				FA40E27B2F6861FB009D042F /* XCRemoteSwiftPackageReference "Kingfisher" */,
				FA7AC80B2F6A4E3B00A23F9E /* XCRemoteSwiftPackageReference "HUD" */,
			);
			productRefGroup = FA6F5E522F62C37E001CB2AB /* Products */;
			projectDirPath = "";
			projectRoot = "";
			targets = (
				FA6F5E502F62C37E001CB2AB /* Classface */,
			);
		};
/* End PBXProject section */

/* Begin PBXResourcesBuildPhase section */
		FA6F5E4F2F62C37E001CB2AB /* Resources */ = {
			isa = PBXResourcesBuildPhase;
			buildActionMask = 2147483647;
			files = (
				FA6F5E5C2F62C381001CB2AB /* Preview Assets.xcassets in Resources */,
				FA6F5E592F62C381001CB2AB /* Assets.xcassets in Resources */,
				FA3FB8032F67F34C002EDB58 /* GoogleService-Info.plist in Resources */,
				FA6BC36F2F641DC5009FC359 /* Launch Screen.storyboard in Resources */,
				FA6F5E632F62C4EC001CB2AB /* Storyboard.storyboard in Resources */,
			);
			runOnlyForDeploymentPostprocessing = 0;
		};
/* End PBXResourcesBuildPhase section */

/* Begin PBXSourcesBuildPhase section */
		FA6F5E4D2F62C37E001CB2AB /* Sources */ = {
			isa = PBXSourcesBuildPhase;
			buildActionMask = 2147483647;
			files = (
				FAB23C662F66662A00FC1402 /* NotificationsView.swift in Sources */,
				FA7DDB272F62D1AC0071357E /* ResourcesStore.swift in Sources */,
				FA88E3E82F63B9AE000B51F1 /* TOSView.swift in Sources */,
				FA40E2742F685B4E009D042F /* ProfileViewObserver.swift in Sources */,
				FAB23C682F66663900FC1402 /* SettingsView.swift in Sources */,
				FA6BC36D2F641B4C009FC359 /* MainTabView.swift in Sources */,
				FA7466072F650FAB00B66ED5 /* CFUser.swift in Sources */,
				FA88E3E22F63A9CF000B51F1 /* SignUpView.swift in Sources */,
				FA7570E82F6EFF0600998314 /* HomeViewObserver.swift in Sources */,
				FA88E3E42F63AC08000B51F1 /* SignUpViewObserver.swift in Sources */,
				FA7DDB242F62CB9F0071357E /* LogInView.swift in Sources */,
				FA3FB8052F67FF7F002EDB58 /* ForgotPassView.swift in Sources */,
				FACAAB732F6556A600DEFC59 /* CFClass.swift in Sources */,
				FA5B37C42F670EF90042D22C /* UserDefaultsHelper.swift in Sources */,
				FA4DED8D2F6F063B00D580B0 /* EditStudentView.swift in Sources */,
				FACAAB752F6556B000DEFC59 /* CFStudent.swift in Sources */,
				FA199C8D2F6D9BA3007C87E6 /* NotificationsViewObserver.swift in Sources */,
				FA7570E62F6EF84B00998314 /* MainTabViewObserver.swift in Sources */,
				FA88E3E62F63B5F8000B51F1 /* MainEntryView.swift in Sources */,
				FA517CCF2F6A9DCC00AC4427 /* CFNotification.swift in Sources */,
				FA40E2712F685623009D042F /* ResourcesView.swift in Sources */,
				FA4DED8F2F6F06E600D580B0 /* EditClassViewObserver.swift in Sources */,
				FA52B9862F630A360086ED8B /* LogInViewObserver.swift in Sources */,
				FA0A30C22F6C4AF0004C7371 /* CrashView.swift in Sources */,
				FA5E7F022F64607700F9AD8A /* Common.swift in Sources */,
				FA517CD12F6AA03B00AC4427 /* CFNotificationAndUser.swift in Sources */,
				FAB9D70F2F6FF30800C2D1EB /* EditStudentViewObserver.swift in Sources */,
				FACAAB772F655AD500DEFC59 /* CFClassAndStudent.swift in Sources */,
				FAB23C642F6665CC00FC1402 /* HomeView.swift in Sources */,
				FAB23C6A2F66665700FC1402 /* ProfileView.swift in Sources */,
				FAB9D7142F6FF6F300C2D1EB /* StudentsViewObserver.swift in Sources */,
				FAB9D7112F6FF51700C2D1EB /* StudentsView.swift in Sources */,
				FA6F5E552F62C37E001CB2AB /* ClassfaceApp.swift in Sources */,
				FA7466092F650FC600B66ED5 /* CFBase.swift in Sources */,
				FA4DED8B2F6F062900D580B0 /* EditClassView.swift in Sources */,
			);
			runOnlyForDeploymentPostprocessing = 0;
		};
/* End PBXSourcesBuildPhase section */

/* Begin XCBuildConfiguration section */
		FA6F5E5D2F62C381001CB2AB /* Debug */ = {
			isa = XCBuildConfiguration;
			buildSettings = {
				ALWAYS_SEARCH_USER_PATHS = NO;
				CLANG_ANALYZER_NONNULL = YES;
				CLANG_ANALYZER_NUMBER_OBJECT_CONVERSION = YES_AGGRESSIVE;
				CLANG_CXX_LANGUAGE_STANDARD = "gnu++20";
				CLANG_ENABLE_MODULES = YES;
				CLANG_ENABLE_OBJC_ARC = YES;
				CLANG_ENABLE_OBJC_WEAK = YES;
				CLANG_WARN_BLOCK_CAPTURE_AUTORELEASING = YES;
				CLANG_WARN_BOOL_CONVERSION = YES;
				CLANG_WARN_COMMA = YES;
				CLANG_WARN_CONSTANT_CONVERSION = YES;
				CLANG_WARN_DEPRECATED_OBJC_IMPLEMENTATIONS = YES;
				CLANG_WARN_DIRECT_OBJC_ISA_USAGE = YES_ERROR;
				CLANG_WARN_DOCUMENTATION_COMMENTS = YES;
				CLANG_WARN_EMPTY_BODY = YES;
				CLANG_WARN_ENUM_CONVERSION = YES;
				CLANG_WARN_INFINITE_RECURSION = YES;
				CLANG_WARN_INT_CONVERSION = YES;
				CLANG_WARN_NON_LITERAL_NULL_CONVERSION = YES;
				CLANG_WARN_OBJC_IMPLICIT_RETAIN_SELF = YES;
				CLANG_WARN_OBJC_LITERAL_CONVERSION = YES;
				CLANG_WARN_OBJC_ROOT_CLASS = YES_ERROR;
				CLANG_WARN_QUOTED_INCLUDE_IN_FRAMEWORK_HEADER = YES;
				CLANG_WARN_RANGE_LOOP_ANALYSIS = YES;
				CLANG_WARN_STRICT_PROTOTYPES = YES;
				CLANG_WARN_SUSPICIOUS_MOVE = YES;
				CLANG_WARN_UNGUARDED_AVAILABILITY = YES_AGGRESSIVE;
				CLANG_WARN_UNREACHABLE_CODE = YES;
				CLANG_WARN__DUPLICATE_METHOD_MATCH = YES;
				COPY_PHASE_STRIP = NO;
				DEBUG_INFORMATION_FORMAT = dwarf;
				ENABLE_STRICT_OBJC_MSGSEND = YES;
				ENABLE_TESTABILITY = YES;
				GCC_C_LANGUAGE_STANDARD = gnu11;
				GCC_DYNAMIC_NO_PIC = NO;
				GCC_NO_COMMON_BLOCKS = YES;
				GCC_OPTIMIZATION_LEVEL = 0;
				GCC_PREPROCESSOR_DEFINITIONS = (
					"DEBUG=1",
					"$(inherited)",
				);
				GCC_WARN_64_TO_32_BIT_CONVERSION = YES;
				GCC_WARN_ABOUT_RETURN_TYPE = YES_ERROR;
				GCC_WARN_UNDECLARED_SELECTOR = YES;
				GCC_WARN_UNINITIALIZED_AUTOS = YES_AGGRESSIVE;
				GCC_WARN_UNUSED_FUNCTION = YES;
				GCC_WARN_UNUSED_VARIABLE = YES;
				IPHONEOS_DEPLOYMENT_TARGET = 16.0;
				MTL_ENABLE_DEBUG_INFO = INCLUDE_SOURCE;
				MTL_FAST_MATH = YES;
				ONLY_ACTIVE_ARCH = YES;
				SDKROOT = iphoneos;
				SWIFT_ACTIVE_COMPILATION_CONDITIONS = DEBUG;
				SWIFT_OPTIMIZATION_LEVEL = "-Onone";
			};
			name = Debug;
		};
		FA6F5E5E2F62C381001CB2AB /* Release */ = {
			isa = XCBuildConfiguration;
			buildSettings = {
				ALWAYS_SEARCH_USER_PATHS = NO;
				CLANG_ANALYZER_NONNULL = YES;
				CLANG_ANALYZER_NUMBER_OBJECT_CONVERSION = YES_AGGRESSIVE;
				CLANG_CXX_LANGUAGE_STANDARD = "gnu++20";
				CLANG_ENABLE_MODULES = YES;
				CLANG_ENABLE_OBJC_ARC = YES;
				CLANG_ENABLE_OBJC_WEAK = YES;
				CLANG_WARN_BLOCK_CAPTURE_AUTORELEASING = YES;
				CLANG_WARN_BOOL_CONVERSION = YES;
				CLANG_WARN_COMMA = YES;
				CLANG_WARN_CONSTANT_CONVERSION = YES;
				CLANG_WARN_DEPRECATED_OBJC_IMPLEMENTATIONS = YES;
				CLANG_WARN_DIRECT_OBJC_ISA_USAGE = YES_ERROR;
				CLANG_WARN_DOCUMENTATION_COMMENTS = YES;
				CLANG_WARN_EMPTY_BODY = YES;
				CLANG_WARN_ENUM_CONVERSION = YES;
				CLANG_WARN_INFINITE_RECURSION = YES;
				CLANG_WARN_INT_CONVERSION = YES;
				CLANG_WARN_NON_LITERAL_NULL_CONVERSION = YES;
				CLANG_WARN_OBJC_IMPLICIT_RETAIN_SELF = YES;
				CLANG_WARN_OBJC_LITERAL_CONVERSION = YES;
				CLANG_WARN_OBJC_ROOT_CLASS = YES_ERROR;
				CLANG_WARN_QUOTED_INCLUDE_IN_FRAMEWORK_HEADER = YES;
				CLANG_WARN_RANGE_LOOP_ANALYSIS = YES;
				CLANG_WARN_STRICT_PROTOTYPES = YES;
				CLANG_WARN_SUSPICIOUS_MOVE = YES;
				CLANG_WARN_UNGUARDED_AVAILABILITY = YES_AGGRESSIVE;
				CLANG_WARN_UNREACHABLE_CODE = YES;
				CLANG_WARN__DUPLICATE_METHOD_MATCH = YES;
				COPY_PHASE_STRIP = NO;
				DEBUG_INFORMATION_FORMAT = "dwarf-with-dsym";
				ENABLE_NS_ASSERTIONS = NO;
				ENABLE_STRICT_OBJC_MSGSEND = YES;
				GCC_C_LANGUAGE_STANDARD = gnu11;
				GCC_NO_COMMON_BLOCKS = YES;
				GCC_WARN_64_TO_32_BIT_CONVERSION = YES;
				GCC_WARN_ABOUT_RETURN_TYPE = YES_ERROR;
				GCC_WARN_UNDECLARED_SELECTOR = YES;
				GCC_WARN_UNINITIALIZED_AUTOS = YES_AGGRESSIVE;
				GCC_WARN_UNUSED_FUNCTION = YES;
				GCC_WARN_UNUSED_VARIABLE = YES;
				IPHONEOS_DEPLOYMENT_TARGET = 16.0;
				MTL_ENABLE_DEBUG_INFO = NO;
				MTL_FAST_MATH = YES;
				SDKROOT = iphoneos;
				SWIFT_COMPILATION_MODE = wholemodule;
				SWIFT_OPTIMIZATION_LEVEL = "-O";
				VALIDATE_PRODUCT = YES;
			};
			name = Release;
		};
		FA6F5E602F62C381001CB2AB /* Debug */ = {
			isa = XCBuildConfiguration;
			buildSettings = {
				ASSETCATALOG_COMPILER_APPICON_NAME = AppIcon;
				ASSETCATALOG_COMPILER_GLOBAL_ACCENT_COLOR_NAME = AccentColor;
				CODE_SIGN_ENTITLEMENTS = Classface/Classface.entitlements;
				CODE_SIGN_STYLE = Automatic;
				CURRENT_PROJECT_VERSION = 1;
				DEVELOPMENT_ASSET_PATHS = "\"Classface/Preview Content\"";
				DEVELOPMENT_TEAM = R3XPH5TX6F;
				ENABLE_PREVIEWS = YES;
				GENERATE_INFOPLIST_FILE = YES;
				INFOPLIST_FILE = Classface/Info.plist;
				INFOPLIST_KEY_UIApplicationSceneManifest_Generation = YES;
				INFOPLIST_KEY_UIApplicationSupportsIndirectInputEvents = YES;
				INFOPLIST_KEY_UILaunchScreen_Generation = YES;
				INFOPLIST_KEY_UILaunchStoryboardName = "Launch Screen.storyboard";
				INFOPLIST_KEY_UISupportedInterfaceOrientations_iPad = "UIInterfaceOrientationPortrait UIInterfaceOrientationPortraitUpsideDown UIInterfaceOrientationLandscapeLeft UIInterfaceOrientationLandscapeRight";
				INFOPLIST_KEY_UISupportedInterfaceOrientations_iPhone = "UIInterfaceOrientationPortrait UIInterfaceOrientationLandscapeLeft UIInterfaceOrientationLandscapeRight";
				LD_RUNPATH_SEARCH_PATHS = (
					"$(inherited)",
					"@executable_path/Frameworks",
				);
				MARKETING_VERSION = 1.0;
				PRODUCT_BUNDLE_IDENTIFIER = soreninisngo.Classface;
				PRODUCT_NAME = "$(TARGET_NAME)";
				SWIFT_EMIT_LOC_STRINGS = YES;
				SWIFT_VERSION = 5.0;
				TARGETED_DEVICE_FAMILY = "1,2";
			};
			name = Debug;
		};
		FA6F5E612F62C381001CB2AB /* Release */ = {
			isa = XCBuildConfiguration;
			buildSettings = {
				ASSETCATALOG_COMPILER_APPICON_NAME = AppIcon;
				ASSETCATALOG_COMPILER_GLOBAL_ACCENT_COLOR_NAME = AccentColor;
				CODE_SIGN_ENTITLEMENTS = Classface/Classface.entitlements;
				CODE_SIGN_STYLE = Automatic;
				CURRENT_PROJECT_VERSION = 1;
				DEVELOPMENT_ASSET_PATHS = "\"Classface/Preview Content\"";
				DEVELOPMENT_TEAM = R3XPH5TX6F;
				ENABLE_PREVIEWS = YES;
				GENERATE_INFOPLIST_FILE = YES;
				INFOPLIST_FILE = Classface/Info.plist;
				INFOPLIST_KEY_UIApplicationSceneManifest_Generation = YES;
				INFOPLIST_KEY_UIApplicationSupportsIndirectInputEvents = YES;
				INFOPLIST_KEY_UILaunchScreen_Generation = YES;
				INFOPLIST_KEY_UILaunchStoryboardName = "Launch Screen.storyboard";
				INFOPLIST_KEY_UISupportedInterfaceOrientations_iPad = "UIInterfaceOrientationPortrait UIInterfaceOrientationPortraitUpsideDown UIInterfaceOrientationLandscapeLeft UIInterfaceOrientationLandscapeRight";
				INFOPLIST_KEY_UISupportedInterfaceOrientations_iPhone = "UIInterfaceOrientationPortrait UIInterfaceOrientationLandscapeLeft UIInterfaceOrientationLandscapeRight";
				LD_RUNPATH_SEARCH_PATHS = (
					"$(inherited)",
					"@executable_path/Frameworks",
				);
				MARKETING_VERSION = 1.0;
				PRODUCT_BUNDLE_IDENTIFIER = soreninisngo.Classface;
				PRODUCT_NAME = "$(TARGET_NAME)";
				SWIFT_EMIT_LOC_STRINGS = YES;
				SWIFT_VERSION = 5.0;
				TARGETED_DEVICE_FAMILY = "1,2";
			};
			name = Release;
		};
/* End XCBuildConfiguration section */

/* Begin XCConfigurationList section */
		FA6F5E4C2F62C37E001CB2AB /* Build configuration list for PBXProject "Classface" */ = {
			isa = XCConfigurationList;
			buildConfigurations = (
				FA6F5E5D2F62C381001CB2AB /* Debug */,
				FA6F5E5E2F62C381001CB2AB /* Release */,
			);
			defaultConfigurationIsVisible = 0;
			defaultConfigurationName = Release;
		};
		FA6F5E5F2F62C381001CB2AB /* Build configuration list for PBXNativeTarget "Classface" */ = {
			isa = XCConfigurationList;
			buildConfigurations = (
				FA6F5E602F62C381001CB2AB /* Debug */,
				FA6F5E612F62C381001CB2AB /* Release */,
			);
			defaultConfigurationIsVisible = 0;
			defaultConfigurationName = Release;
		};
/* End XCConfigurationList section */

/* Begin XCRemoteSwiftPackageReference section */
		FA085D952F66A2C20007C82A /* XCRemoteSwiftPackageReference "AlertToast" */ = {
			isa = XCRemoteSwiftPackageReference;
			repositoryURL = "https://github.com/elai950/AlertToast.git";
			requirement = {
				branch = master;
				kind = branch;
			};
		};
		FA40E27B2F6861FB009D042F /* XCRemoteSwiftPackageReference "Kingfisher" */ = {
			isa = XCRemoteSwiftPackageReference;
			repositoryURL = "https://github.com/onevcat/Kingfisher.git";
			requirement = {
				kind = exactVersion;
				version = 7.4.0;
			};
		};
		FA5E7EC22F64574600F9AD8A /* XCRemoteSwiftPackageReference "firebase-ios-sdk" */ = {
			isa = XCRemoteSwiftPackageReference;
			repositoryURL = "https://github.com/firebase/firebase-ios-sdk";
			requirement = {
				kind = upToNextMajorVersion;
				minimumVersion = 9.0.0;
			};
		};
		FA5E7EFB2F645E1400F9AD8A /* XCRemoteSwiftPackageReference "GoogleSignIn-iOS" */ = {
			isa = XCRemoteSwiftPackageReference;
			repositoryURL = "https://github.com/google/GoogleSignIn-iOS";
			requirement = {
				kind = exactVersion;
				version = 7.0.0;
			};
		};
		FA7AC80B2F6A4E3B00A23F9E /* XCRemoteSwiftPackageReference "HUD" */ = {
			isa = XCRemoteSwiftPackageReference;
			repositoryURL = "https://github.com/winddpan/HUD.git";
			requirement = {
				branch = main;
				kind = branch;
			};
		};
/* End XCRemoteSwiftPackageReference section */

/* Begin XCSwiftPackageProductDependency section */
		FA085D962F66A2C20007C82A /* AlertToast */ = {
			isa = XCSwiftPackageProductDependency;
			package = FA085D952F66A2C20007C82A /* XCRemoteSwiftPackageReference "AlertToast" */;
			productName = AlertToast;
		};
		FA40E27C2F6861FC009D042F /* Kingfisher */ = {
			isa = XCSwiftPackageProductDependency;
			package = FA40E27B2F6861FB009D042F /* XCRemoteSwiftPackageReference "Kingfisher" */;
			productName = Kingfisher;
		};
		FA5E7EC32F64574700F9AD8A /* FirebaseAnalytics */ = {
			isa = XCSwiftPackageProductDependency;
			package = FA5E7EC22F64574600F9AD8A /* XCRemoteSwiftPackageReference "firebase-ios-sdk" */;
			productName = FirebaseAnalytics;
		};
		FA5E7EC52F64574700F9AD8A /* FirebaseAnalyticsOnDeviceConversion */ = {
			isa = XCSwiftPackageProductDependency;
			package = FA5E7EC22F64574600F9AD8A /* XCRemoteSwiftPackageReference "firebase-ios-sdk" */;
			productName = FirebaseAnalyticsOnDeviceConversion;
		};
		FA5E7EC72F64574700F9AD8A /* FirebaseAnalyticsSwift */ = {
			isa = XCSwiftPackageProductDependency;
			package = FA5E7EC22F64574600F9AD8A /* XCRemoteSwiftPackageReference "firebase-ios-sdk" */;
			productName = FirebaseAnalyticsSwift;
		};
		FA5E7EC92F64574700F9AD8A /* FirebaseAnalyticsWithoutAdIdSupport */ = {
			isa = XCSwiftPackageProductDependency;
			package = FA5E7EC22F64574600F9AD8A /* XCRemoteSwiftPackageReference "firebase-ios-sdk" */;
			productName = FirebaseAnalyticsWithoutAdIdSupport;
		};
		FA5E7ECB2F64574700F9AD8A /* FirebaseAppCheck */ = {
			isa = XCSwiftPackageProductDependency;
			package = FA5E7EC22F64574600F9AD8A /* XCRemoteSwiftPackageReference "firebase-ios-sdk" */;
			productName = FirebaseAppCheck;
		};
		FA5E7ECD2F64574700F9AD8A /* FirebaseAppDistribution-Beta */ = {
			isa = XCSwiftPackageProductDependency;
			package = FA5E7EC22F64574600F9AD8A /* XCRemoteSwiftPackageReference "firebase-ios-sdk" */;
			productName = "FirebaseAppDistribution-Beta";
		};
		FA5E7ECF2F64574700F9AD8A /* FirebaseAuth */ = {
			isa = XCSwiftPackageProductDependency;
			package = FA5E7EC22F64574600F9AD8A /* XCRemoteSwiftPackageReference "firebase-ios-sdk" */;
			productName = FirebaseAuth;
		};
		FA5E7ED12F64574700F9AD8A /* FirebaseAuthCombine-Community */ = {
			isa = XCSwiftPackageProductDependency;
			package = FA5E7EC22F64574600F9AD8A /* XCRemoteSwiftPackageReference "firebase-ios-sdk" */;
			productName = "FirebaseAuthCombine-Community";
		};
		FA5E7ED32F64574700F9AD8A /* FirebaseCrashlytics */ = {
			isa = XCSwiftPackageProductDependency;
			package = FA5E7EC22F64574600F9AD8A /* XCRemoteSwiftPackageReference "firebase-ios-sdk" */;
			productName = FirebaseCrashlytics;
		};
		FA5E7ED52F64574700F9AD8A /* FirebaseDatabase */ = {
			isa = XCSwiftPackageProductDependency;
			package = FA5E7EC22F64574600F9AD8A /* XCRemoteSwiftPackageReference "firebase-ios-sdk" */;
			productName = FirebaseDatabase;
		};
		FA5E7ED72F64574700F9AD8A /* FirebaseDatabaseSwift */ = {
			isa = XCSwiftPackageProductDependency;
			package = FA5E7EC22F64574600F9AD8A /* XCRemoteSwiftPackageReference "firebase-ios-sdk" */;
			productName = FirebaseDatabaseSwift;
		};
		FA5E7ED92F64574700F9AD8A /* FirebaseDynamicLinks */ = {
			isa = XCSwiftPackageProductDependency;
			package = FA5E7EC22F64574600F9AD8A /* XCRemoteSwiftPackageReference "firebase-ios-sdk" */;
			productName = FirebaseDynamicLinks;
		};
		FA5E7EDB2F64574700F9AD8A /* FirebaseFirestore */ = {
			isa = XCSwiftPackageProductDependency;
			package = FA5E7EC22F64574600F9AD8A /* XCRemoteSwiftPackageReference "firebase-ios-sdk" */;
			productName = FirebaseFirestore;
		};
		FA5E7EDD2F64574700F9AD8A /* FirebaseFirestoreCombine-Community */ = {
			isa = XCSwiftPackageProductDependency;
			package = FA5E7EC22F64574600F9AD8A /* XCRemoteSwiftPackageReference "firebase-ios-sdk" */;
			productName = "FirebaseFirestoreCombine-Community";
		};
		FA5E7EDF2F64574700F9AD8A /* FirebaseFirestoreSwift */ = {
			isa = XCSwiftPackageProductDependency;
			package = FA5E7EC22F64574600F9AD8A /* XCRemoteSwiftPackageReference "firebase-ios-sdk" */;
			productName = FirebaseFirestoreSwift;
		};
		FA5E7EE12F64574700F9AD8A /* FirebaseFunctions */ = {
			isa = XCSwiftPackageProductDependency;
			package = FA5E7EC22F64574600F9AD8A /* XCRemoteSwiftPackageReference "firebase-ios-sdk" */;
			productName = FirebaseFunctions;
		};
		FA5E7EE32F64574700F9AD8A /* FirebaseFunctionsCombine-Community */ = {
			isa = XCSwiftPackageProductDependency;
			package = FA5E7EC22F64574600F9AD8A /* XCRemoteSwiftPackageReference "firebase-ios-sdk" */;
			productName = "FirebaseFunctionsCombine-Community";
		};
		FA5E7EE52F64574700F9AD8A /* FirebaseInAppMessaging-Beta */ = {
			isa = XCSwiftPackageProductDependency;
			package = FA5E7EC22F64574600F9AD8A /* XCRemoteSwiftPackageReference "firebase-ios-sdk" */;
			productName = "FirebaseInAppMessaging-Beta";
		};
		FA5E7EE72F64574700F9AD8A /* FirebaseInAppMessagingSwift-Beta */ = {
			isa = XCSwiftPackageProductDependency;
			package = FA5E7EC22F64574600F9AD8A /* XCRemoteSwiftPackageReference "firebase-ios-sdk" */;
			productName = "FirebaseInAppMessagingSwift-Beta";
		};
		FA5E7EE92F64574700F9AD8A /* FirebaseInstallations */ = {
			isa = XCSwiftPackageProductDependency;
			package = FA5E7EC22F64574600F9AD8A /* XCRemoteSwiftPackageReference "firebase-ios-sdk" */;
			productName = FirebaseInstallations;
		};
		FA5E7EEB2F64574700F9AD8A /* FirebaseMLModelDownloader */ = {
			isa = XCSwiftPackageProductDependency;
			package = FA5E7EC22F64574600F9AD8A /* XCRemoteSwiftPackageReference "firebase-ios-sdk" */;
			productName = FirebaseMLModelDownloader;
		};
		FA5E7EED2F64574700F9AD8A /* FirebaseMessaging */ = {
			isa = XCSwiftPackageProductDependency;
			package = FA5E7EC22F64574600F9AD8A /* XCRemoteSwiftPackageReference "firebase-ios-sdk" */;
			productName = FirebaseMessaging;
		};
		FA5E7EEF2F64574700F9AD8A /* FirebasePerformance */ = {
			isa = XCSwiftPackageProductDependency;
			package = FA5E7EC22F64574600F9AD8A /* XCRemoteSwiftPackageReference "firebase-ios-sdk" */;
			productName = FirebasePerformance;
		};
		FA5E7EF12F64574700F9AD8A /* FirebaseRemoteConfig */ = {
			isa = XCSwiftPackageProductDependency;
			package = FA5E7EC22F64574600F9AD8A /* XCRemoteSwiftPackageReference "firebase-ios-sdk" */;
			productName = FirebaseRemoteConfig;
		};
		FA5E7EF32F64574700F9AD8A /* FirebaseRemoteConfigSwift */ = {
			isa = XCSwiftPackageProductDependency;
			package = FA5E7EC22F64574600F9AD8A /* XCRemoteSwiftPackageReference "firebase-ios-sdk" */;
			productName = FirebaseRemoteConfigSwift;
		};
		FA5E7EF52F64574700F9AD8A /* FirebaseStorage */ = {
			isa = XCSwiftPackageProductDependency;
			package = FA5E7EC22F64574600F9AD8A /* XCRemoteSwiftPackageReference "firebase-ios-sdk" */;
			productName = FirebaseStorage;
		};
		FA5E7EF72F64574800F9AD8A /* FirebaseStorageCombine-Community */ = {
			isa = XCSwiftPackageProductDependency;
			package = FA5E7EC22F64574600F9AD8A /* XCRemoteSwiftPackageReference "firebase-ios-sdk" */;
			productName = "FirebaseStorageCombine-Community";
		};
		FA5E7EFC2F645E1400F9AD8A /* GoogleSignIn */ = {
			isa = XCSwiftPackageProductDependency;
			package = FA5E7EFB2F645E1400F9AD8A /* XCRemoteSwiftPackageReference "GoogleSignIn-iOS" */;
			productName = GoogleSignIn;
		};
		FA5E7EFE2F645E1400F9AD8A /* GoogleSignInSwift */ = {
			isa = XCSwiftPackageProductDependency;
			package = FA5E7EFB2F645E1400F9AD8A /* XCRemoteSwiftPackageReference "GoogleSignIn-iOS" */;
			productName = GoogleSignInSwift;
		};
		FA7AC80C2F6A4E3B00A23F9E /* HUD */ = {
			isa = XCSwiftPackageProductDependency;
			package = FA7AC80B2F6A4E3B00A23F9E /* XCRemoteSwiftPackageReference "HUD" */;
			productName = HUD;
		};
/* End XCSwiftPackageProductDependency section */
	};
	rootObject = FA6F5E492F62C37E001CB2AB /* Project object */;
}
